// !$*UTF8*$!
{
	archiveVersion = 1;
	classes = {
	};
	objectVersion = 77;
	objects = {

/* Begin PBXBuildFile section */
		1AD61A3B2F74D3F900296F39 /* InMemoryLogging in Frameworks */ = {isa = PBXBuildFile; productRef = 1AD61A3A2F74D3F900296F39 /* InMemoryLogging */; };
		1AD61A3D2F74D3F900296F39 /* Logging in Frameworks */ = {isa = PBXBuildFile; productRef = 1AD61A3C2F74D3F900296F39 /* Logging */; };
		1AD61A402F74D40B00296F39 /* OSLogging in Frameworks */ = {isa = PBXBuildFile; productRef = 1AD61A3F2F74D40B00296F39 /* OSLogging */; };
		5B67DAEC49BC4CA58D0F68CB /* DHKit in Frameworks */ = {isa = PBXBuildFile; productRef = 696E5A197EC643C8822586E5 /* DHKit */; };
		720CFEA27FDB4C618D811F30 /* DHModels in Frameworks */ = {isa = PBXBuildFile; productRef = 372D78F7B37E42698659576B /* DHModels */; };
		CF8BC2B4C4DFAF5CE05866D8 /* ViewInspector in Frameworks */ = {isa = PBXBuildFile; productRef = 5C13F094DDFC652F1F5FD889 /* ViewInspector */; };
		E2B6361671554B1E9DFFC927 /* SnapshotTesting in Frameworks */ = {isa = PBXBuildFile; productRef = 28130F1F34EC4A899761668E /* SnapshotTesting */; };
/* End PBXBuildFile section */

/* Begin PBXContainerItemProxy section */
		1A8F7BA82F660D3900548E3A /* PBXContainerItemProxy */ = {
			isa = PBXContainerItemProxy;
			containerPortal = 1A8F7B922F660D3800548E3A /* Project object */;
			proxyType = 1;
			remoteGlobalIDString = 1A8F7B992F660D3800548E3A;
			remoteInfo = Encounter;
		};
		1A8F7BB22F660D3900548E3A /* PBXContainerItemProxy */ = {
			isa = PBXContainerItemProxy;
			containerPortal = 1A8F7B922F660D3800548E3A /* Project object */;
			proxyType = 1;
			remoteGlobalIDString = 1A8F7B992F660D3800548E3A;
			remoteInfo = Encounter;
		};
/* End PBXContainerItemProxy section */

/* Begin PBXFileReference section */
		1A8F7B9A2F660D3800548E3A /* Encounter.app */ = {isa = PBXFileReference; explicitFileType = wrapper.application; includeInIndex = 0; path = Encounter.app; sourceTree = BUILT_PRODUCTS_DIR; };
		1A8F7BA72F660D3900548E3A /* EncounterTests.xctest */ = {isa = PBXFileReference; explicitFileType = wrapper.cfbundle; includeInIndex = 0; path = EncounterTests.xctest; sourceTree = BUILT_PRODUCTS_DIR; };
		1A8F7BB12F660D3900548E3A /* EncounterUITests.xctest */ = {isa = PBXFileReference; explicitFileType = wrapper.cfbundle; includeInIndex = 0; path = EncounterUITests.xctest; sourceTree = BUILT_PRODUCTS_DIR; };
/* End PBXFileReference section */

/* Begin PBXFileSystemSynchronizedBuildFileExceptionSet section */
		1A0238B72F6F5766009AD9A0 /* Exceptions for "Encounter" folder in "Encounter" target */ = {
			isa = PBXFileSystemSynchronizedBuildFileExceptionSet;
			membershipExceptions = (
				Info.plist,
			);
			target = 1A8F7B992F660D3800548E3A /* Encounter */;
		};
/* End PBXFileSystemSynchronizedBuildFileExceptionSet section */

/* Begin PBXFileSystemSynchronizedRootGroup section */
		1A8F7B9C2F660D3800548E3A /* Encounter */ = {
			isa = PBXFileSystemSynchronizedRootGroup;
			exceptions = (
				1A0238B72F6F5766009AD9A0 /* Exceptions for "Encounter" folder in "Encounter" target */,
			);
			path = Encounter;
			sourceTree = "<group>";
		};
		1A8F7BAA2F660D3900548E3A /* EncounterTests */ = {
			isa = PBXFileSystemSynchronizedRootGroup;
			path = EncounterTests;
			sourceTree = "<group>";
		};
		1A8F7BB42F660D3900548E3A /* EncounterUITests */ = {
			isa = PBXFileSystemSynchronizedRootGroup;
			path = EncounterUITests;
			sourceTree = "<group>";
		};
/* End PBXFileSystemSynchronizedRootGroup section */

/* Begin PBXFrameworksBuildPhase section */
		1A8F7B972F660D3800548E3A /* Frameworks */ = {
			isa = PBXFrameworksBuildPhase;
			buildActionMask = 2147483647;
			files = (
				1AD61A402F74D40B00296F39 /* OSLogging in Frameworks */,
				1AD61A3D2F74D3F900296F39 /* Logging in Frameworks */,
				1AD61A3B2F74D3F900296F39 /* InMemoryLogging in Frameworks */,
				720CFEA27FDB4C618D811F30 /* DHModels in Frameworks */,
				5B67DAEC49BC4CA58D0F68CB /* DHKit in Frameworks */,
			);
			runOnlyForDeploymentPostprocessing = 0;
		};
		1A8F7BA42F660D3900548E3A /* Frameworks */ = {
			isa = PBXFrameworksBuildPhase;
			buildActionMask = 2147483647;
			files = (
				CF8BC2B4C4DFAF5CE05866D8 /* ViewInspector in Frameworks */,
				E2B6361671554B1E9DFFC927 /* SnapshotTesting in Frameworks */,
			);
			runOnlyForDeploymentPostprocessing = 0;
		};
		1A8F7BAE2F660D3900548E3A /* Frameworks */ = {
			isa = PBXFrameworksBuildPhase;
			buildActionMask = 2147483647;
			files = (
			);
			runOnlyForDeploymentPostprocessing = 0;
		};
/* End PBXFrameworksBuildPhase section */

/* Begin PBXGroup section */
		1A8F7B912F660D3800548E3A = {
			isa = PBXGroup;
			children = (
				1A8F7B9C2F660D3800548E3A /* Encounter */,
				1A8F7BAA2F660D3900548E3A /* EncounterTests */,
				1A8F7BB42F660D3900548E3A /* EncounterUITests */,
				1A8F7B9B2F660D3800548E3A /* Products */,
			);
			sourceTree = "<group>";
		};
		1A8F7B9B2F660D3800548E3A /* Products */ = {
			isa = PBXGroup;
			children = (
				1A8F7B9A2F660D3800548E3A /* Encounter.app */,
				1A8F7BA72F660D3900548E3A /* EncounterTests.xctest */,
				1A8F7BB12F660D3900548E3A /* EncounterUITests.xctest */,
			);
			name = Products;
			sourceTree = "<group>";
		};
/* End PBXGroup section */

/* Begin PBXNativeTarget section */
		1A8F7B992F660D3800548E3A /* Encounter */ = {
			isa = PBXNativeTarget;
			buildConfigurationList = 1A8F7BBB2F660D3900548E3A /* Build configuration list for PBXNativeTarget "Encounter" */;
			buildPhases = (
				1A8F7B962F660D3800548E3A /* Sources */,
				1A8F7B972F660D3800548E3A /* Frameworks */,
				1A8F7B982F660D3800548E3A /* Resources */,
			);
			buildRules = (
			);
			dependencies = (
			);
			fileSystemSynchronizedGroups = (
				1A8F7B9C2F660D3800548E3A /* Encounter */,
			);
			name = Encounter;
			packageProductDependencies = (
				1AD61A3A2F74D3F900296F39 /* InMemoryLogging */,
				1AD61A3C2F74D3F900296F39 /* Logging */,
				1AD61A3F2F74D40B00296F39 /* OSLogging */,
				372D78F7B37E42698659576B /* DHModels */,
				696E5A197EC643C8822586E5 /* DHKit */,
			);
			productName = Encounter;
			productReference = 1A8F7B9A2F660D3800548E3A /* Encounter.app */;
			productType = "com.apple.product-type.application";
		};
		1A8F7BA62F660D3900548E3A /* EncounterTests */ = {
			isa = PBXNativeTarget;
			buildConfigurationList = 1A8F7BBE2F660D3900548E3A /* Build configuration list for PBXNativeTarget "EncounterTests" */;
			buildPhases = (
				1A8F7BA32F660D3900548E3A /* Sources */,
				1A8F7BA42F660D3900548E3A /* Frameworks */,
				1A8F7BA52F660D3900548E3A /* Resources */,
			);
			buildRules = (
			);
			dependencies = (
				1A8F7BA92F660D3900548E3A /* PBXTargetDependency */,
			);
			fileSystemSynchronizedGroups = (
				1A8F7BAA2F660D3900548E3A /* EncounterTests */,
			);
			name = EncounterTests;
			packageProductDependencies = (
				5C13F094DDFC652F1F5FD889 /* ViewInspector */,
				28130F1F34EC4A899761668E /* SnapshotTesting */,
			);
			productName = EncounterTests;
			productReference = 1A8F7BA72F660D3900548E3A /* EncounterTests.xctest */;
			productType = "com.apple.product-type.bundle.unit-test";
		};
		1A8F7BB02F660D3900548E3A /* EncounterUITests */ = {
			isa = PBXNativeTarget;
			buildConfigurationList = 1A8F7BC12F660D3900548E3A /* Build configuration list for PBXNativeTarget "EncounterUITests" */;
			buildPhases = (
				1A8F7BAD2F660D3900548E3A /* Sources */,
				1A8F7BAE2F660D3900548E3A /* Frameworks */,
				1A8F7BAF2F660D3900548E3A /* Resources */,
			);
			buildRules = (
			);
			dependencies = (
				1A8F7BB32F660D3900548E3A /* PBXTargetDependency */,
			);
			fileSystemSynchronizedGroups = (
				1A8F7BB42F660D3900548E3A /* EncounterUITests */,
			);
			name = EncounterUITests;
			packageProductDependencies = (
			);
			productName = EncounterUITests;
			productReference = 1A8F7BB12F660D3900548E3A /* EncounterUITests.xctest */;
			productType = "com.apple.product-type.bundle.ui-testing";
		};
/* End PBXNativeTarget section */

/* Begin PBXProject section */
		1A8F7B922F660D3800548E3A /* Project object */ = {
			isa = PBXProject;
			attributes = {
				BuildIndependentTargetsInParallel = 1;
				LastSwiftUpdateCheck = 2630;
				LastUpgradeCheck = 2640;
				TargetAttributes = {
					1A8F7B992F660D3800548E3A = {
						CreatedOnToolsVersion = 26.3;
						SystemCapabilities = {
							com.apple.iCloud = {
								enabled = 1;
							};
						};
					};
					1A8F7BA62F660D3900548E3A = {
						CreatedOnToolsVersion = 26.3;
						TestTargetID = 1A8F7B992F660D3800548E3A;
					};
					1A8F7BB02F660D3900548E3A = {
						CreatedOnToolsVersion = 26.3;
						TestTargetID = 1A8F7B992F660D3800548E3A;
					};
				};
			};
			buildConfigurationList = 1A8F7B952F660D3800548E3A /* Build configuration list for PBXProject "Encounter" */;
			developmentRegion = en;
			hasScannedForEncodings = 0;
			knownRegions = (
				en,
				Base,
			);
			mainGroup = 1A8F7B912F660D3800548E3A;
			minimizedProjectReferenceProxies = 1;
			packageReferences = (
				1AD61A392F74D3F900296F39 /* XCRemoteSwiftPackageReference "swift-log" */,
				1AD61A3E2F74D40B00296F39 /* XCRemoteSwiftPackageReference "swift-oslog" */,
				6E36C5CB9EA54972BB735840 /* XCRemoteSwiftPackageReference "DHModels" */,
				F36026598457CF9B8914E497 /* XCRemoteSwiftPackageReference "ViewInspector" */,
				83D04672906E469FA18C3143 /* XCRemoteSwiftPackageReference "swift-snapshot-testing" */,
			);
			preferredProjectObjectVersion = 77;
			productRefGroup = 1A8F7B9B2F660D3800548E3A /* Products */;
			projectDirPath = "";
			projectRoot = "";
			targets = (
				1A8F7B992F660D3800548E3A /* Encounter */,
				1A8F7BA62F660D3900548E3A /* EncounterTests */,
				1A8F7BB02F660D3900548E3A /* EncounterUITests */,
			);
		};
/* End PBXProject section */

/* Begin PBXResourcesBuildPhase section */
		1A8F7B982F660D3800548E3A /* Resources */ = {
			isa = PBXResourcesBuildPhase;
			buildActionMask = 2147483647;
			files = (
			);
			runOnlyForDeploymentPostprocessing = 0;
		};
		1A8F7BA52F660D3900548E3A /* Resources */ = {
			isa = PBXResourcesBuildPhase;
			buildActionMask = 2147483647;
			files = (
			);
			runOnlyForDeploymentPostprocessing = 0;
		};
		1A8F7BAF2F660D3900548E3A /* Resources */ = {
			isa = PBXResourcesBuildPhase;
			buildActionMask = 2147483647;
			files = (
			);
			runOnlyForDeploymentPostprocessing = 0;
		};
/* End PBXResourcesBuildPhase section */

/* Begin PBXSourcesBuildPhase section */
		1A8F7B962F660D3800548E3A /* Sources */ = {
			isa = PBXSourcesBuildPhase;
			buildActionMask = 2147483647;
			files = (
			);
			runOnlyForDeploymentPostprocessing = 0;
		};
		1A8F7BA32F660D3900548E3A /* Sources */ = {
			isa = PBXSourcesBuildPhase;
			buildActionMask = 2147483647;
			files = (
			);
			runOnlyForDeploymentPostprocessing = 0;
		};
		1A8F7BAD2F660D3900548E3A /* Sources */ = {
			isa = PBXSourcesBuildPhase;
			buildActionMask = 2147483647;
			files = (
			);
			runOnlyForDeploymentPostprocessing = 0;
		};
/* End PBXSourcesBuildPhase section */

/* Begin PBXTargetDependency section */
		1A8F7BA92F660D3900548E3A /* PBXTargetDependency */ = {
			isa = PBXTargetDependency;
			target = 1A8F7B992F660D3800548E3A /* Encounter */;
			targetProxy = 1A8F7BA82F660D3900548E3A /* PBXContainerItemProxy */;
		};
		1A8F7BB32F660D3900548E3A /* PBXTargetDependency */ = {
			isa = PBXTargetDependency;
			target = 1A8F7B992F660D3800548E3A /* Encounter */;
			targetProxy = 1A8F7BB22F660D3900548E3A /* PBXContainerItemProxy */;
		};
/* End PBXTargetDependency section */

/* Begin XCBuildConfiguration section */
		1A8F7BB92F660D3900548E3A /* Debug */ = {
			isa = XCBuildConfiguration;
			buildSettings = {
				ALWAYS_SEARCH_USER_PATHS = NO;
				ASSETCATALOG_COMPILER_GENERATE_SWIFT_ASSET_SYMBOL_EXTENSIONS = YES;
				CLANG_ANALYZER_NONNULL = YES;
				CLANG_ANALYZER_NUMBER_OBJECT_CONVERSION = YES_AGGRESSIVE;
				CLANG_CXX_LANGUAGE_STANDARD = "gnu++20";
				CLANG_ENABLE_MODULES = YES;
				CLANG_ENABLE_OBJC_ARC = YES;
				CLANG_ENABLE_OBJC_WEAK = YES;
				CLANG_WARN_BLOCK_CAPTURE_AUTORELEASING = YES;
				CLANG_WARN_BOOL_CONVERSION = YES;
				CLANG_WARN_COMMA = YES;
				CLANG_WARN_CONSTANT_CONVERSION = YES;
				CLANG_WARN_DEPRECATED_OBJC_IMPLEMENTATIONS = YES;
				CLANG_WARN_DIRECT_OBJC_ISA_USAGE = YES_ERROR;
				CLANG_WARN_DOCUMENTATION_COMMENTS = YES;
				CLANG_WARN_EMPTY_BODY = YES;
				CLANG_WARN_ENUM_CONVERSION = YES;
				CLANG_WARN_INFINITE_RECURSION = YES;
				CLANG_WARN_INT_CONVERSION = YES;
				CLANG_WARN_NON_LITERAL_NULL_CONVERSION = YES;
				CLANG_WARN_OBJC_IMPLICIT_RETAIN_SELF = YES;
				CLANG_WARN_OBJC_LITERAL_CONVERSION = YES;
				CLANG_WARN_OBJC_ROOT_CLASS = YES_ERROR;
				CLANG_WARN_QUOTED_INCLUDE_IN_FRAMEWORK_HEADER = YES;
				CLANG_WARN_RANGE_LOOP_ANALYSIS = YES;
				CLANG_WARN_STRICT_PROTOTYPES = YES;
				CLANG_WARN_SUSPICIOUS_MOVE = YES;
				CLANG_WARN_UNGUARDED_AVAILABILITY = YES_AGGRESSIVE;
				CLANG_WARN_UNREACHABLE_CODE = YES;
				CLANG_WARN__DUPLICATE_METHOD_MATCH = YES;
				COPY_PHASE_STRIP = NO;
				DEAD_CODE_STRIPPING = YES;
				DEBUG_INFORMATION_FORMAT = dwarf;
				ENABLE_STRICT_OBJC_MSGSEND = YES;
				ENABLE_TESTABILITY = YES;
				ENABLE_USER_SCRIPT_SANDBOXING = YES;
				GCC_C_LANGUAGE_STANDARD = gnu17;
				GCC_DYNAMIC_NO_PIC = NO;
				GCC_NO_COMMON_BLOCKS = YES;
				GCC_OPTIMIZATION_LEVEL = 0;
				GCC_PREPROCESSOR_DEFINITIONS = (
					"DEBUG=1",
					"$(inherited)",
				);
				GCC_WARN_64_TO_32_BIT_CONVERSION = YES;
				GCC_WARN_ABOUT_RETURN_TYPE = YES_ERROR;
				GCC_WARN_UNDECLARED_SELECTOR = YES;
				GCC_WARN_UNINITIALIZED_AUTOS = YES_AGGRESSIVE;
				GCC_WARN_UNUSED_FUNCTION = YES;
				GCC_WARN_UNUSED_VARIABLE = YES;
				LOCALIZATION_PREFERS_STRING_CATALOGS = YES;
				MTL_ENABLE_DEBUG_INFO = INCLUDE_SOURCE;
				MTL_FAST_MATH = YES;
				ONLY_ACTIVE_ARCH = YES;
				STRING_CATALOG_GENERATE_SYMBOLS = YES;
				SWIFT_ACTIVE_COMPILATION_CONDITIONS = "DEBUG $(inherited)";
				SWIFT_OPTIMIZATION_LEVEL = "-Onone";
				SWIFT_VERSION = 6.0;
			};
			name = Debug;
		};
		1A8F7BBA2F660D3900548E3A /* Release */ = {
			isa = XCBuildConfiguration;
			buildSettings = {
				ALWAYS_SEARCH_USER_PATHS = NO;
				ASSETCATALOG_COMPILER_GENERATE_SWIFT_ASSET_SYMBOL_EXTENSIONS = YES;
				CLANG_ANALYZER_NONNULL = YES;
				CLANG_ANALYZER_NUMBER_OBJECT_CONVERSION = YES_AGGRESSIVE;
				CLANG_CXX_LANGUAGE_STANDARD = "gnu++20";
				CLANG_ENABLE_MODULES = YES;
				CLANG_ENABLE_OBJC_ARC = YES;
				CLANG_ENABLE_OBJC_WEAK = YES;
				CLANG_WARN_BLOCK_CAPTURE_AUTORELEASING = YES;
				CLANG_WARN_BOOL_CONVERSION = YES;
				CLANG_WARN_COMMA = YES;
				CLANG_WARN_CONSTANT_CONVERSION = YES;
				CLANG_WARN_DEPRECATED_OBJC_IMPLEMENTATIONS = YES;
				CLANG_WARN_DIRECT_OBJC_ISA_USAGE = YES_ERROR;
				CLANG_WARN_DOCUMENTATION_COMMENTS = YES;
				CLANG_WARN_EMPTY_BODY = YES;
				CLANG_WARN_ENUM_CONVERSION = YES;
				CLANG_WARN_INFINITE_RECURSION = YES;
				CLANG_WARN_INT_CONVERSION = YES;
				CLANG_WARN_NON_LITERAL_NULL_CONVERSION = YES;
				CLANG_WARN_OBJC_IMPLICIT_RETAIN_SELF = YES;
				CLANG_WARN_OBJC_LITERAL_CONVERSION = YES;
				CLANG_WARN_OBJC_ROOT_CLASS = YES_ERROR;
				CLANG_WARN_QUOTED_INCLUDE_IN_FRAMEWORK_HEADER = YES;
				CLANG_WARN_RANGE_LOOP_ANALYSIS = YES;
				CLANG_WARN_STRICT_PROTOTYPES = YES;
				CLANG_WARN_SUSPICIOUS_MOVE = YES;
				CLANG_WARN_UNGUARDED_AVAILABILITY = YES_AGGRESSIVE;
				CLANG_WARN_UNREACHABLE_CODE = YES;
				CLANG_WARN__DUPLICATE_METHOD_MATCH = YES;
				COPY_PHASE_STRIP = NO;
				DEAD_CODE_STRIPPING = YES;
				DEBUG_INFORMATION_FORMAT = "dwarf-with-dsym";
				ENABLE_NS_ASSERTIONS = NO;
				ENABLE_STRICT_OBJC_MSGSEND = YES;
				ENABLE_USER_SCRIPT_SANDBOXING = YES;
				GCC_C_LANGUAGE_STANDARD = gnu17;
				GCC_NO_COMMON_BLOCKS = YES;
				GCC_WARN_64_TO_32_BIT_CONVERSION = YES;
				GCC_WARN_ABOUT_RETURN_TYPE = YES_ERROR;
				GCC_WARN_UNDECLARED_SELECTOR = YES;
				GCC_WARN_UNINITIALIZED_AUTOS = YES_AGGRESSIVE;
				GCC_WARN_UNUSED_FUNCTION = YES;
				GCC_WARN_UNUSED_VARIABLE = YES;
				LOCALIZATION_PREFERS_STRING_CATALOGS = YES;
				MTL_ENABLE_DEBUG_INFO = NO;
				MTL_FAST_MATH = YES;
				STRING_CATALOG_GENERATE_SYMBOLS = YES;
				SWIFT_COMPILATION_MODE = wholemodule;
				SWIFT_VERSION = 6.0;
			};
			name = Release;
		};
		1A8F7BBC2F660D3900548E3A /* Debug */ = {
			isa = XCBuildConfiguration;
			buildSettings = {
				ASSETCATALOG_COMPILER_APPICON_NAME = AppIcon;
				ASSETCATALOG_COMPILER_GLOBAL_ACCENT_COLOR_NAME = AccentColor;
				CODE_SIGN_STYLE = Automatic;
				CURRENT_PROJECT_VERSION = 1;
				DEAD_CODE_STRIPPING = YES;
				DEVELOPMENT_TEAM = "";
				ENABLE_APP_SANDBOX = YES;
				ENABLE_PREVIEWS = YES;
				ENABLE_USER_SELECTED_FILES = readonly;
				GENERATE_INFOPLIST_FILE = YES;
				INFOPLIST_FILE = Encounter/Info.plist;
				"INFOPLIST_KEY_UIApplicationSceneManifest_Generation[sdk=iphoneos*]" = YES;
				"INFOPLIST_KEY_UIApplicationSceneManifest_Generation[sdk=iphonesimulator*]" = YES;
				"INFOPLIST_KEY_UIApplicationSupportsIndirectInputEvents[sdk=iphoneos*]" = YES;
				"INFOPLIST_KEY_UIApplicationSupportsIndirectInputEvents[sdk=iphonesimulator*]" = YES;
				"INFOPLIST_KEY_UILaunchScreen_Generation[sdk=iphoneos*]" = YES;
				"INFOPLIST_KEY_UILaunchScreen_Generation[sdk=iphonesimulator*]" = YES;
				"INFOPLIST_KEY_UIStatusBarStyle[sdk=iphoneos*]" = UIStatusBarStyleDefault;
				"INFOPLIST_KEY_UIStatusBarStyle[sdk=iphonesimulator*]" = UIStatusBarStyleDefault;
				INFOPLIST_KEY_UISupportedInterfaceOrientations_iPad = "UIInterfaceOrientationPortrait UIInterfaceOrientationPortraitUpsideDown UIInterfaceOrientationLandscapeLeft UIInterfaceOrientationLandscapeRight";
				INFOPLIST_KEY_UISupportedInterfaceOrientations_iPhone = "UIInterfaceOrientationPortrait UIInterfaceOrientationLandscapeLeft UIInterfaceOrientationLandscapeRight";
				IPHONEOS_DEPLOYMENT_TARGET = 26.2;
				LD_RUNPATH_SEARCH_PATHS = "@executable_path/Frameworks";
				"LD_RUNPATH_SEARCH_PATHS[sdk=macosx*]" = "@executable_path/../Frameworks";
				MACOSX_DEPLOYMENT_TARGET = 26.2;
				MARKETING_VERSION = 1.0;
				PRODUCT_BUNDLE_IDENTIFIER = gwillish.Encounter;
				PRODUCT_NAME = "$(TARGET_NAME)";
				REGISTER_APP_GROUPS = YES;
				SDKROOT = auto;
				STRING_CATALOG_GENERATE_SYMBOLS = YES;
				SUPPORTED_PLATFORMS = "iphoneos iphonesimulator macosx xros xrsimulator";
				SWIFT_APPROACHABLE_CONCURRENCY = YES;
				SWIFT_DEFAULT_ACTOR_ISOLATION = MainActor;
				SWIFT_EMIT_LOC_STRINGS = YES;
				SWIFT_UPCOMING_FEATURE_MEMBER_IMPORT_VISIBILITY = YES;
				SWIFT_VERSION = 6.0;
				TARGETED_DEVICE_FAMILY = "1,2,7";
				XROS_DEPLOYMENT_TARGET = 26.2;
			};
			name = Debug;
		};
		1A8F7BBD2F660D3900548E3A /* Release */ = {
			isa = XCBuildConfiguration;
			buildSettings = {
				ASSETCATALOG_COMPILER_APPICON_NAME = AppIcon;
				ASSETCATALOG_COMPILER_GLOBAL_ACCENT_COLOR_NAME = AccentColor;
				CODE_SIGN_STYLE = Automatic;
				CURRENT_PROJECT_VERSION = 1;
				DEAD_CODE_STRIPPING = YES;
				DEVELOPMENT_TEAM = "";
				ENABLE_APP_SANDBOX = YES;
				ENABLE_PREVIEWS = YES;
				ENABLE_USER_SELECTED_FILES = readonly;
				GENERATE_INFOPLIST_FILE = YES;
				INFOPLIST_FILE = Encounter/Info.plist;
				"INFOPLIST_KEY_UIApplicationSceneManifest_Generation[sdk=iphoneos*]" = YES;
				"INFOPLIST_KEY_UIApplicationSceneManifest_Generation[sdk=iphonesimulator*]" = YES;
				"INFOPLIST_KEY_UIApplicationSupportsIndirectInputEvents[sdk=iphoneos*]" = YES;
				"INFOPLIST_KEY_UIApplicationSupportsIndirectInputEvents[sdk=iphonesimulator*]" = YES;
				"INFOPLIST_KEY_UILaunchScreen_Generation[sdk=iphoneos*]" = YES;
				"INFOPLIST_KEY_UILaunchScreen_Generation[sdk=iphonesimulator*]" = YES;
				"INFOPLIST_KEY_UIStatusBarStyle[sdk=iphoneos*]" = UIStatusBarStyleDefault;
				"INFOPLIST_KEY_UIStatusBarStyle[sdk=iphonesimulator*]" = UIStatusBarStyleDefault;
				INFOPLIST_KEY_UISupportedInterfaceOrientations_iPad = "UIInterfaceOrientationPortrait UIInterfaceOrientationPortraitUpsideDown UIInterfaceOrientationLandscapeLeft UIInterfaceOrientationLandscapeRight";
				INFOPLIST_KEY_UISupportedInterfaceOrientations_iPhone = "UIInterfaceOrientationPortrait UIInterfaceOrientationLandscapeLeft UIInterfaceOrientationLandscapeRight";
				IPHONEOS_DEPLOYMENT_TARGET = 26.2;
				LD_RUNPATH_SEARCH_PATHS = "@executable_path/Frameworks";
				"LD_RUNPATH_SEARCH_PATHS[sdk=macosx*]" = "@executable_path/../Frameworks";
				MACOSX_DEPLOYMENT_TARGET = 26.2;
				MARKETING_VERSION = 1.0;
				PRODUCT_BUNDLE_IDENTIFIER = gwillish.Encounter;
				PRODUCT_NAME = "$(TARGET_NAME)";
				REGISTER_APP_GROUPS = YES;
				SDKROOT = auto;
				STRING_CATALOG_GENERATE_SYMBOLS = YES;
				SUPPORTED_PLATFORMS = "iphoneos iphonesimulator macosx xros xrsimulator";
				SWIFT_APPROACHABLE_CONCURRENCY = YES;
				SWIFT_DEFAULT_ACTOR_ISOLATION = MainActor;
				SWIFT_EMIT_LOC_STRINGS = YES;
				SWIFT_UPCOMING_FEATURE_MEMBER_IMPORT_VISIBILITY = YES;
				SWIFT_VERSION = 6.0;
				TARGETED_DEVICE_FAMILY = "1,2,7";
				XROS_DEPLOYMENT_TARGET = 26.2;
			};
			name = Release;
		};
		1A8F7BBF2F660D3900548E3A /* Debug */ = {
			isa = XCBuildConfiguration;
			buildSettings = {
				BUNDLE_LOADER = "$(TEST_HOST)";
				CODE_SIGN_STYLE = Automatic;
				CURRENT_PROJECT_VERSION = 1;
				DEAD_CODE_STRIPPING = YES;
				GENERATE_INFOPLIST_FILE = YES;
				IPHONEOS_DEPLOYMENT_TARGET = 26.2;
				MACOSX_DEPLOYMENT_TARGET = 26.2;
				MARKETING_VERSION = 1.0;
				PRODUCT_BUNDLE_IDENTIFIER = gwillish.EncounterTests;
				PRODUCT_NAME = "$(TARGET_NAME)";
				SDKROOT = auto;
				STRING_CATALOG_GENERATE_SYMBOLS = NO;
				SUPPORTED_PLATFORMS = "iphoneos iphonesimulator macosx xros xrsimulator";
				SWIFT_APPROACHABLE_CONCURRENCY = YES;
				SWIFT_EMIT_LOC_STRINGS = NO;
				SWIFT_UPCOMING_FEATURE_MEMBER_IMPORT_VISIBILITY = YES;
				SWIFT_VERSION = 5.0;
				TARGETED_DEVICE_FAMILY = "1,2,7";
				TEST_HOST = "$(BUILT_PRODUCTS_DIR)/Encounter.app/$(BUNDLE_EXECUTABLE_FOLDER_PATH)/Encounter";
				XROS_DEPLOYMENT_TARGET = 26.2;
			};
			name = Debug;
		};
		1A8F7BC02F660D3900548E3A /* Release */ = {
			isa = XCBuildConfiguration;
			buildSettings = {
				BUNDLE_LOADER = "$(TEST_HOST)";
				CODE_SIGN_STYLE = Automatic;
				CURRENT_PROJECT_VERSION = 1;
				DEAD_CODE_STRIPPING = YES;
				GENERATE_INFOPLIST_FILE = YES;
				IPHONEOS_DEPLOYMENT_TARGET = 26.2;
				MACOSX_DEPLOYMENT_TARGET = 26.2;
				MARKETING_VERSION = 1.0;
				PRODUCT_BUNDLE_IDENTIFIER = gwillish.EncounterTests;
				PRODUCT_NAME = "$(TARGET_NAME)";
				SDKROOT = auto;
				STRING_CATALOG_GENERATE_SYMBOLS = NO;
				SUPPORTED_PLATFORMS = "iphoneos iphonesimulator macosx xros xrsimulator";
				SWIFT_APPROACHABLE_CONCURRENCY = YES;
				SWIFT_EMIT_LOC_STRINGS = NO;
				SWIFT_UPCOMING_FEATURE_MEMBER_IMPORT_VISIBILITY = YES;
				SWIFT_VERSION = 5.0;
				TARGETED_DEVICE_FAMILY = "1,2,7";
				TEST_HOST = "$(BUILT_PRODUCTS_DIR)/Encounter.app/$(BUNDLE_EXECUTABLE_FOLDER_PATH)/Encounter";
				XROS_DEPLOYMENT_TARGET = 26.2;
			};
			name = Release;
		};
		1A8F7BC22F660D3900548E3A /* Debug */ = {
			isa = XCBuildConfiguration;
			buildSettings = {
				CODE_SIGN_STYLE = Automatic;
				CURRENT_PROJECT_VERSION = 1;
				DEAD_CODE_STRIPPING = YES;
				GENERATE_INFOPLIST_FILE = YES;
				IPHONEOS_DEPLOYMENT_TARGET = 26.2;
				MACOSX_DEPLOYMENT_TARGET = 26.2;
				MARKETING_VERSION = 1.0;
				PRODUCT_BUNDLE_IDENTIFIER = gwillish.EncounterUITests;
				PRODUCT_NAME = "$(TARGET_NAME)";
				SDKROOT = auto;
				STRING_CATALOG_GENERATE_SYMBOLS = NO;
				SUPPORTED_PLATFORMS = "iphoneos iphonesimulator macosx xros xrsimulator";
				SWIFT_APPROACHABLE_CONCURRENCY = YES;
				SWIFT_EMIT_LOC_STRINGS = NO;
				SWIFT_UPCOMING_FEATURE_MEMBER_IMPORT_VISIBILITY = YES;
				SWIFT_VERSION = 5.0;
				TARGETED_DEVICE_FAMILY = "1,2,7";
				TEST_TARGET_NAME = Encounter;
				XROS_DEPLOYMENT_TARGET = 26.2;
			};
			name = Debug;
		};
		1A8F7BC32F660D3900548E3A /* Release */ = {
			isa = XCBuildConfiguration;
			buildSettings = {
				CODE_SIGN_STYLE = Automatic;
				CURRENT_PROJECT_VERSION = 1;
				DEAD_CODE_STRIPPING = YES;
				GENERATE_INFOPLIST_FILE = YES;
				IPHONEOS_DEPLOYMENT_TARGET = 26.2;
				MACOSX_DEPLOYMENT_TARGET = 26.2;
				MARKETING_VERSION = 1.0;
				PRODUCT_BUNDLE_IDENTIFIER = gwillish.EncounterUITests;
				PRODUCT_NAME = "$(TARGET_NAME)";
				SDKROOT = auto;
				STRING_CATALOG_GENERATE_SYMBOLS = NO;
				SUPPORTED_PLATFORMS = "iphoneos iphonesimulator macosx xros xrsimulator";
				SWIFT_APPROACHABLE_CONCURRENCY = YES;
				SWIFT_EMIT_LOC_STRINGS = NO;
				SWIFT_UPCOMING_FEATURE_MEMBER_IMPORT_VISIBILITY = YES;
				SWIFT_VERSION = 5.0;
				TARGETED_DEVICE_FAMILY = "1,2,7";
				TEST_TARGET_NAME = Encounter;
				XROS_DEPLOYMENT_TARGET = 26.2;
			};
			name = Release;
		};
/* End XCBuildConfiguration section */

/* Begin XCConfigurationList section */
		1A8F7B952F660D3800548E3A /* Build configuration list for PBXProject "Encounter" */ = {
			isa = XCConfigurationList;
			buildConfigurations = (
				1A8F7BB92F660D3900548E3A /* Debug */,
				1A8F7BBA2F660D3900548E3A /* Release */,
			);
			defaultConfigurationIsVisible = 0;
			defaultConfigurationName = Release;
		};
		1A8F7BBB2F660D3900548E3A /* Build configuration list for PBXNativeTarget "Encounter" */ = {
			isa = XCConfigurationList;
			buildConfigurations = (
				1A8F7BBC2F660D3900548E3A /* Debug */,
				1A8F7BBD2F660D3900548E3A /* Release */,
			);
			defaultConfigurationIsVisible = 0;
			defaultConfigurationName = Release;
		};
		1A8F7BBE2F660D3900548E3A /* Build configuration list for PBXNativeTarget "EncounterTests" */ = {
			isa = XCConfigurationList;
			buildConfigurations = (
				1A8F7BBF2F660D3900548E3A /* Debug */,
				1A8F7BC02F660D3900548E3A /* Release */,
			);
			defaultConfigurationIsVisible = 0;
			defaultConfigurationName = Release;
		};
		1A8F7BC12F660D3900548E3A /* Build configuration list for PBXNativeTarget "EncounterUITests" */ = {
			isa = XCConfigurationList;
			buildConfigurations = (
				1A8F7BC22F660D3900548E3A /* Debug */,
				1A8F7BC32F660D3900548E3A /* Release */,
			);
			defaultConfigurationIsVisible = 0;
			defaultConfigurationName = Release;
		};
/* End XCConfigurationList section */

/* Begin XCRemoteSwiftPackageReference section */
		1AD61A392F74D3F900296F39 /* XCRemoteSwiftPackageReference "swift-log" */ = {
			isa = XCRemoteSwiftPackageReference;
			repositoryURL = "https://github.com/apple/swift-log";
			requirement = {
				kind = upToNextMajorVersion;
				minimumVersion = 1.10.1;
			};
		};
		1AD61A3E2F74D40B00296F39 /* XCRemoteSwiftPackageReference "swift-oslog" */ = {
			isa = XCRemoteSwiftPackageReference;
			repositoryURL = "https://github.com/danielctull/swift-oslog";
			requirement = {
				kind = upToNextMajorVersion;
				minimumVersion = 1.0.0;
			};
		};
		6E36C5CB9EA54972BB735840 /* XCRemoteSwiftPackageReference "DHModels" */ = {
			isa = XCRemoteSwiftPackageReference;
			repositoryURL = "https://github.com/gwillish/DHModels";
			requirement = {
				branch = main;
				kind = branch;
			};
		};
		83D04672906E469FA18C3143 /* XCRemoteSwiftPackageReference "swift-snapshot-testing" */ = {
			isa = XCRemoteSwiftPackageReference;
			repositoryURL = "https://github.com/pointfreeco/swift-snapshot-testing";
			requirement = {
				kind = upToNextMajorVersion;
				minimumVersion = 1.17.0;
			};
		};
		F36026598457CF9B8914E497 /* XCRemoteSwiftPackageReference "ViewInspector" */ = {
			isa = XCRemoteSwiftPackageReference;
			repositoryURL = "https://github.com/nalexn/ViewInspector";
			requirement = {
				kind = upToNextMajorVersion;
				minimumVersion = 0.10.3;
			};
		};
/* End XCRemoteSwiftPackageReference section */

/* Begin XCSwiftPackageProductDependency section */
		1AD61A3A2F74D3F900296F39 /* InMemoryLogging */ = {
			isa = XCSwiftPackageProductDependency;
			package = 1AD61A392F74D3F900296F39 /* XCRemoteSwiftPackageReference "swift-log" */;
			productName = InMemoryLogging;
		};
		1AD61A3C2F74D3F900296F39 /* Logging */ = {
			isa = XCSwiftPackageProductDependency;
			package = 1AD61A392F74D3F900296F39 /* XCRemoteSwiftPackageReference "swift-log" */;
			productName = Logging;
		};
		1AD61A3F2F74D40B00296F39 /* OSLogging */ = {
			isa = XCSwiftPackageProductDependency;
			package = 1AD61A3E2F74D40B00296F39 /* XCRemoteSwiftPackageReference "swift-oslog" */;
			productName = OSLogging;
		};
		28130F1F34EC4A899761668E /* SnapshotTesting */ = {
			isa = XCSwiftPackageProductDependency;
			package = 83D04672906E469FA18C3143 /* XCRemoteSwiftPackageReference "swift-snapshot-testing" */;
			productName = SnapshotTesting;
		};
		372D78F7B37E42698659576B /* DHModels */ = {
			isa = XCSwiftPackageProductDependency;
			package = 6E36C5CB9EA54972BB735840 /* XCRemoteSwiftPackageReference "DHModels" */;
			productName = DHModels;
		};
		5C13F094DDFC652F1F5FD889 /* ViewInspector */ = {
			isa = XCSwiftPackageProductDependency;
			package = F36026598457CF9B8914E497 /* XCRemoteSwiftPackageReference "ViewInspector" */;
			productName = ViewInspector;
		};
		696E5A197EC643C8822586E5 /* DHKit */ = {
			isa = XCSwiftPackageProductDependency;
			package = 6E36C5CB9EA54972BB735840 /* XCRemoteSwiftPackageReference "DHModels" */;
			productName = DHKit;
		};
/* End XCSwiftPackageProductDependency section */
	};
	rootObject = 1A8F7B922F660D3800548E3A /* Project object */;
}
